// !$*UTF8*$!
{
	archiveVersion = 1;
	classes = {
	};
	objectVersion = 50;
	objects = {

/* Begin PBXBuildFile section */
		FA282141274A7E0A00E694C1 /* http_client.cpp in Sources */ = {isa = PBXBuildFile; fileRef = FA28213F274A7E0A00E694C1 /* http_client.cpp */; };
		FA83358F26CAB5A800DE58D2 /* libncurses.5.tbd in Frameworks */ = {isa = PBXBuildFile; fileRef = FA83358C26CAB5A700DE58D2 /* libncurses.5.tbd */; };
		FA83359026CAB5A800DE58D2 /* libncurses.5.4.tbd in Frameworks */ = {isa = PBXBuildFile; fileRef = FA83358D26CAB5A700DE58D2 /* libncurses.5.4.tbd */; };
		FA83359126CAB5A800DE58D2 /* libncurses.tbd in Frameworks */ = {isa = PBXBuildFile; fileRef = FA83358E26CAB5A800DE58D2 /* libncurses.tbd */; };
		FA8454A626F208370065D238 /* callbacks.c in Sources */ = {isa = PBXBuildFile; fileRef = FA83356226CA235500DE58D2 /* callbacks.c */; };
		FA8454A726F208370065D238 /* compress.c in Sources */ = {isa = PBXBuildFile; fileRef = FA83356026CA231600DE58D2 /* compress.c */; };
		FA8454A826F208370065D238 /* host.c in Sources */ = {isa = PBXBuildFile; fileRef = FA83356526CA235500DE58D2 /* host.c */; };
		FA8454A926F208370065D238 /* list.c in Sources */ = {isa = PBXBuildFile; fileRef = FA83356926CA235500DE58D2 /* list.c */; };
		FA8454AA26F208370065D238 /* packet.c in Sources */ = {isa = PBXBuildFile; fileRef = FA83356326CA235500DE58D2 /* packet.c */; };
		FA8454AB26F208370065D238 /* peer.c in Sources */ = {isa = PBXBuildFile; fileRef = FA83356726CA235500DE58D2 /* peer.c */; };
		FA8454AC26F208370065D238 /* protocol.c in Sources */ = {isa = PBXBuildFile; fileRef = FA83356426CA235500DE58D2 /* protocol.c */; };
		FA8454AD26F208370065D238 /* unix.c in Sources */ = {isa = PBXBuildFile; fileRef = FA83356626CA235500DE58D2 /* unix.c */; };
		FA8454AE26F208370065D238 /* win32.c in Sources */ = {isa = PBXBuildFile; fileRef = FA83356826CA235500DE58D2 /* win32.c */; };
		FA8454B126F208570065D238 /* sandbird.c in Sources */ = {isa = PBXBuildFile; fileRef = FA83357226CA237900DE58D2 /* sandbird.c */; };
		FA8454B526F209080065D238 /* menu.cpp in Sources */ = {isa = PBXBuildFile; fileRef = FAEAFD2D26E3731B003DACB2 /* menu.cpp */; };
		FAB593C2274B41DA000AA1A6 /* libcurl.3.tbd in Frameworks */ = {isa = PBXBuildFile; fileRef = FAB593BF274B4164000AA1A6 /* libcurl.3.tbd */; };
		FAB593C3274B41DA000AA1A6 /* libcurl.4.tbd in Frameworks */ = {isa = PBXBuildFile; fileRef = FAB593C1274B4164000AA1A6 /* libcurl.4.tbd */; };
		FAB593C4274B41DA000AA1A6 /* libcurl.tbd in Frameworks */ = {isa = PBXBuildFile; fileRef = FAB593C0274B4164000AA1A6 /* libcurl.tbd */; };
		FAEAFD3426E37777003DACB2 /* main.cpp in Sources */ = {isa = PBXBuildFile; fileRef = FA83353B26CA1BEC00DE58D2 /* main.cpp */; };
		FAEAFD3526E37777003DACB2 /* events.cpp in Sources */ = {isa = PBXBuildFile; fileRef = FA83354926CA1CB200DE58D2 /* events.cpp */; };
		FAEAFD3626E37777003DACB2 /* gt.cpp in Sources */ = {isa = PBXBuildFile; fileRef = FA83354526CA1CB200DE58D2 /* gt.cpp */; };
		FAEAFD3726E37777003DACB2 /* playerInventory.cpp in Sources */ = {isa = PBXBuildFile; fileRef = FACFAB0426E0FFA50088E678 /* playerInventory.cpp */; };
		FAEAFD3826E37777003DACB2 /* server.cpp in Sources */ = {isa = PBXBuildFile; fileRef = FA83354C26CA1CB200DE58D2 /* server.cpp */; };
		FAEAFD3926E37778003DACB2 /* utils.cpp in Sources */ = {isa = PBXBuildFile; fileRef = FA83354426CA1CB200DE58D2 /* utils.cpp */; };
		FAEAFD3A26E37778003DACB2 /* world.cpp in Sources */ = {isa = PBXBuildFile; fileRef = FA31A3D126D091E500CD010E /* world.cpp */; };
/* End PBXBuildFile section */

/* Begin PBXCopyFilesBuildPhase section */
		FA83353626CA1BEC00DE58D2 /* CopyFiles */ = {
			isa = PBXCopyFilesBuildPhase;
			buildActionMask = 2147483647;
			dstPath = /usr/share/man/man1;
			dstSubfolderSpec = 0;
			files = (
			);
			runOnlyForDeploymentPostprocessing = 1;
		};
/* End PBXCopyFilesBuildPhase section */

/* Begin PBXFileReference section */
		FA28213F274A7E0A00E694C1 /* http_client.cpp */ = {isa = PBXFileReference; lastKnownFileType = sourcecode.cpp.cpp; path = http_client.cpp; sourceTree = "<group>"; };
		FA282140274A7E0A00E694C1 /* http_client.hpp */ = {isa = PBXFileReference; lastKnownFileType = sourcecode.cpp.h; path = http_client.hpp; sourceTree = "<group>"; };
		FA31A3D026D08CA300CD010E /* include */ = {isa = PBXFileReference; lastKnownFileType = folder; path = include; sourceTree = "<group>"; };
		FA31A3D126D091E500CD010E /* world.cpp */ = {isa = PBXFileReference; lastKnownFileType = sourcecode.cpp.cpp; path = world.cpp; sourceTree = "<group>"; };
		FA83353826CA1BEC00DE58D2 /* GoGABOT */ = {isa = PBXFileReference; explicitFileType = "compiled.mach-o.executable"; includeInIndex = 0; path = GoGABOT; sourceTree = BUILT_PRODUCTS_DIR; };
		FA83353B26CA1BEC00DE58D2 /* main.cpp */ = {isa = PBXFileReference; lastKnownFileType = sourcecode.cpp.cpp; path = main.cpp; sourceTree = "<group>"; };
		FA83354426CA1CB200DE58D2 /* utils.cpp */ = {isa = PBXFileReference; fileEncoding = 4; lastKnownFileType = sourcecode.cpp.cpp; path = utils.cpp; sourceTree = "<group>"; };
		FA83354526CA1CB200DE58D2 /* gt.cpp */ = {isa = PBXFileReference; fileEncoding = 4; lastKnownFileType = sourcecode.cpp.cpp; path = gt.cpp; sourceTree = "<group>"; };
		FA83354626CA1CB200DE58D2 /* world.h */ = {isa = PBXFileReference; fileEncoding = 4; lastKnownFileType = sourcecode.c.h; path = world.h; sourceTree = "<group>"; };
		FA83354726CA1CB200DE58D2 /* player.h */ = {isa = PBXFileReference; fileEncoding = 4; lastKnownFileType = sourcecode.c.h; path = player.h; sourceTree = "<group>"; };
		FA83354826CA1CB200DE58D2 /* server.h */ = {isa = PBXFileReference; fileEncoding = 4; lastKnownFileType = sourcecode.c.h; path = server.h; sourceTree = "<group>"; };
		FA83354926CA1CB200DE58D2 /* events.cpp */ = {isa = PBXFileReference; fileEncoding = 4; lastKnownFileType = sourcecode.cpp.cpp; path = events.cpp; sourceTree = "<group>"; };
		FA83354A26CA1CB200DE58D2 /* proton */ = {isa = PBXFileReference; lastKnownFileType = folder; path = proton; sourceTree = "<group>"; };
		FA83354B26CA1CB200DE58D2 /* Ui */ = {isa = PBXFileReference; lastKnownFileType = folder; path = Ui; sourceTree = "<group>"; };
		FA83354C26CA1CB200DE58D2 /* server.cpp */ = {isa = PBXFileReference; fileEncoding = 4; lastKnownFileType = sourcecode.cpp.cpp; path = server.cpp; sourceTree = "<group>"; };
		FA83354D26CA1CB200DE58D2 /* gt.hpp */ = {isa = PBXFileReference; fileEncoding = 4; lastKnownFileType = sourcecode.cpp.h; path = gt.hpp; sourceTree = "<group>"; };
		FA83354F26CA1CB200DE58D2 /* events.h */ = {isa = PBXFileReference; fileEncoding = 4; lastKnownFileType = sourcecode.c.h; path = events.h; sourceTree = "<group>"; };
		FA83355026CA1CB200DE58D2 /* packet.h */ = {isa = PBXFileReference; fileEncoding = 4; lastKnownFileType = sourcecode.c.h; path = packet.h; sourceTree = "<group>"; };
		FA83355126CA1CB300DE58D2 /* sandbird */ = {isa = PBXFileReference; lastKnownFileType = folder; path = sandbird; sourceTree = "<group>"; };
		FA83355226CA1CB300DE58D2 /* enet */ = {isa = PBXFileReference; lastKnownFileType = folder; path = enet; sourceTree = "<group>"; };
		FA83355326CA1CB300DE58D2 /* json.hpp */ = {isa = PBXFileReference; fileEncoding = 4; lastKnownFileType = sourcecode.cpp.h; path = json.hpp; sourceTree = "<group>"; };
		FA83355426CA1CB300DE58D2 /* utils.h */ = {isa = PBXFileReference; fileEncoding = 4; lastKnownFileType = sourcecode.c.h; path = utils.h; sourceTree = "<group>"; };
		FA83355626CA1CB300DE58D2 /* README.md */ = {isa = PBXFileReference; fileEncoding = 4; lastKnownFileType = net.daringfireball.markdown; path = README.md; sourceTree = "<group>"; };
		FA83356026CA231600DE58D2 /* compress.c */ = {isa = PBXFileReference; lastKnownFileType = sourcecode.c.c; name = compress.c; path = GoGABOT/enet/compress.c; sourceTree = "<group>"; };
		FA83356226CA235500DE58D2 /* callbacks.c */ = {isa = PBXFileReference; lastKnownFileType = sourcecode.c.c; name = callbacks.c; path = GoGABOT/enet/callbacks.c; sourceTree = "<group>"; };
		FA83356326CA235500DE58D2 /* packet.c */ = {isa = PBXFileReference; lastKnownFileType = sourcecode.c.c; name = packet.c; path = GoGABOT/enet/packet.c; sourceTree = "<group>"; };
		FA83356426CA235500DE58D2 /* protocol.c */ = {isa = PBXFileReference; lastKnownFileType = sourcecode.c.c; name = protocol.c; path = GoGABOT/enet/protocol.c; sourceTree = "<group>"; };
		FA83356526CA235500DE58D2 /* host.c */ = {isa = PBXFileReference; lastKnownFileType = sourcecode.c.c; name = host.c; path = GoGABOT/enet/host.c; sourceTree = "<group>"; };
		FA83356626CA235500DE58D2 /* unix.c */ = {isa = PBXFileReference; lastKnownFileType = sourcecode.c.c; name = unix.c; path = GoGABOT/enet/unix.c; sourceTree = "<group>"; };
		FA83356726CA235500DE58D2 /* peer.c */ = {isa = PBXFileReference; lastKnownFileType = sourcecode.c.c; name = peer.c; path = GoGABOT/enet/peer.c; sourceTree = "<group>"; };
		FA83356826CA235500DE58D2 /* win32.c */ = {isa = PBXFileReference; lastKnownFileType = sourcecode.c.c; name = win32.c; path = GoGABOT/enet/win32.c; sourceTree = "<group>"; };
		FA83356926CA235500DE58D2 /* list.c */ = {isa = PBXFileReference; lastKnownFileType = sourcecode.c.c; name = list.c; path = GoGABOT/enet/list.c; sourceTree = "<group>"; };
		FA83357226CA237900DE58D2 /* sandbird.c */ = {isa = PBXFileReference; lastKnownFileType = sourcecode.c.c; name = sandbird.c; path = GoGABOT/sandbird/sandbird.c; sourceTree = "<group>"; };
		FA83358C26CAB5A700DE58D2 /* libncurses.5.tbd */ = {isa = PBXFileReference; lastKnownFileType = "sourcecode.text-based-dylib-definition"; name = libncurses.5.tbd; path = usr/lib/libncurses.5.tbd; sourceTree = SDKROOT; };
		FA83358D26CAB5A700DE58D2 /* libncurses.5.4.tbd */ = {isa = PBXFileReference; lastKnownFileType = "sourcecode.text-based-dylib-definition"; name = libncurses.5.4.tbd; path = usr/lib/libncurses.5.4.tbd; sourceTree = SDKROOT; };
		FA83358E26CAB5A800DE58D2 /* libncurses.tbd */ = {isa = PBXFileReference; lastKnownFileType = "sourcecode.text-based-dylib-definition"; name = libncurses.tbd; path = usr/lib/libncurses.tbd; sourceTree = SDKROOT; };
		FA8454AF26F208370065D238 /* include */ = {isa = PBXFileReference; lastKnownFileType = folder; name = include; path = GoGABOT/enet/include; sourceTree = "<group>"; };
		FAB593BF274B4164000AA1A6 /* libcurl.3.tbd */ = {isa = PBXFileReference; lastKnownFileType = "sourcecode.text-based-dylib-definition"; name = libcurl.3.tbd; path = usr/lib/libcurl.3.tbd; sourceTree = SDKROOT; };
		FAB593C0274B4164000AA1A6 /* libcurl.tbd */ = {isa = PBXFileReference; lastKnownFileType = "sourcecode.text-based-dylib-definition"; name = libcurl.tbd; path = usr/lib/libcurl.tbd; sourceTree = SDKROOT; };
		FAB593C1274B4164000AA1A6 /* libcurl.4.tbd */ = {isa = PBXFileReference; lastKnownFileType = "sourcecode.text-based-dylib-definition"; name = libcurl.4.tbd; path = usr/lib/libcurl.4.tbd; sourceTree = SDKROOT; };
		FACFAB0226E08EBF0088E678 /* playerInventory.h */ = {isa = PBXFileReference; lastKnownFileType = sourcecode.c.h; path = playerInventory.h; sourceTree = "<group>"; };
		FACFAB0426E0FFA50088E678 /* playerInventory.cpp */ = {isa = PBXFileReference; fileEncoding = 4; lastKnownFileType = sourcecode.cpp.cpp; path = playerInventory.cpp; sourceTree = "<group>"; };
		FAEAFD2D26E3731B003DACB2 /* menu.cpp */ = {isa = PBXFileReference; lastKnownFileType = sourcecode.cpp.cpp; name = menu.cpp; path = GoGABOT/Ui/menu.cpp; sourceTree = "<group>"; };
		FAEAFD2E26E376F0003DACB2 /* menu.c */ = {isa = PBXFileReference; lastKnownFileType = sourcecode.c.c; name = menu.c; path = GoGABOT/Ui/menu.c; sourceTree = "<group>"; };
/* End PBXFileReference section */

/* Begin PBXFrameworksBuildPhase section */
		FA83353526CA1BEC00DE58D2 /* Frameworks */ = {
			isa = PBXFrameworksBuildPhase;
			buildActionMask = 2147483647;
			files = (
				FA83358F26CAB5A800DE58D2 /* libncurses.5.tbd in Frameworks */,
				FA83359026CAB5A800DE58D2 /* libncurses.5.4.tbd in Frameworks */,
				FAB593C4274B41DA000AA1A6 /* libcurl.tbd in Frameworks */,
				FA83359126CAB5A800DE58D2 /* libncurses.tbd in Frameworks */,
				FAB593C3274B41DA000AA1A6 /* libcurl.4.tbd in Frameworks */,
				FAB593C2274B41DA000AA1A6 /* libcurl.3.tbd in Frameworks */,
			);
			runOnlyForDeploymentPostprocessing = 0;
		};
/* End PBXFrameworksBuildPhase section */

/* Begin PBXGroup section */
		FA28213E274A7DDC00E694C1 /* curl */ = {
			isa = PBXGroup;
			children = (
				FA28213F274A7E0A00E694C1 /* http_client.cpp */,
				FA282140274A7E0A00E694C1 /* http_client.hpp */,
			);
			path = curl;
			sourceTree = "<group>";
		};
		FA83352F26CA1BEC00DE58D2 = {
			isa = PBXGroup;
			children = (
				FA83353A26CA1BEC00DE58D2 /* GoGABOT */,
				FA83353926CA1BEC00DE58D2 /* Products */,
				FA83355F26CA231600DE58D2 /* Frameworks */,
			);
			sourceTree = "<group>";
		};
		FA83353926CA1BEC00DE58D2 /* Products */ = {
			isa = PBXGroup;
			children = (
				FA83353826CA1BEC00DE58D2 /* GoGABOT */,
			);
			name = Products;
			sourceTree = "<group>";
		};
		FA83353A26CA1BEC00DE58D2 /* GoGABOT */ = {
			isa = PBXGroup;
			children = (
				FA83353B26CA1BEC00DE58D2 /* main.cpp */,
				FA83354926CA1CB200DE58D2 /* events.cpp */,
				FA83354F26CA1CB200DE58D2 /* events.h */,
				FA83354526CA1CB200DE58D2 /* gt.cpp */,
				FA83354D26CA1CB200DE58D2 /* gt.hpp */,
				FA83355326CA1CB300DE58D2 /* json.hpp */,
				FA83355026CA1CB200DE58D2 /* packet.h */,
				FA83354726CA1CB200DE58D2 /* player.h */,
				FACFAB0426E0FFA50088E678 /* playerInventory.cpp */,
				FACFAB0226E08EBF0088E678 /* playerInventory.h */,
				FA83355626CA1CB300DE58D2 /* README.md */,
				FA83354C26CA1CB200DE58D2 /* server.cpp */,
				FA83354826CA1CB200DE58D2 /* server.h */,
				FA83354426CA1CB200DE58D2 /* utils.cpp */,
				FA83355426CA1CB300DE58D2 /* utils.h */,
				FA83354626CA1CB200DE58D2 /* world.h */,
				FA31A3D126D091E500CD010E /* world.cpp */,
				FA28213E274A7DDC00E694C1 /* curl */,
				FA31A3D026D08CA300CD010E /* include */,
				FA83355226CA1CB300DE58D2 /* enet */,
				FA83354A26CA1CB200DE58D2 /* proton */,
				FA83355126CA1CB300DE58D2 /* sandbird */,
				FA83354B26CA1CB200DE58D2 /* Ui */,
			);
			path = GoGABOT;
			sourceTree = "<group>";
		};
		FA83355F26CA231600DE58D2 /* Frameworks */ = {
			isa = PBXGroup;
			children = (
				FAB593BF274B4164000AA1A6 /* libcurl.3.tbd */,
				FAB593C1274B4164000AA1A6 /* libcurl.4.tbd */,
				FAB593C0274B4164000AA1A6 /* libcurl.tbd */,
				FA8454AF26F208370065D238 /* include */,
				FAEAFD2E26E376F0003DACB2 /* menu.c */,
				FAEAFD2D26E3731B003DACB2 /* menu.cpp */,
				FA83358D26CAB5A700DE58D2 /* libncurses.5.4.tbd */,
				FA83358C26CAB5A700DE58D2 /* libncurses.5.tbd */,
				FA83358E26CAB5A800DE58D2 /* libncurses.tbd */,
				FA83357226CA237900DE58D2 /* sandbird.c */,
				FA83356226CA235500DE58D2 /* callbacks.c */,
				FA83356526CA235500DE58D2 /* host.c */,
				FA83356926CA235500DE58D2 /* list.c */,
				FA83356326CA235500DE58D2 /* packet.c */,
				FA83356726CA235500DE58D2 /* peer.c */,
				FA83356426CA235500DE58D2 /* protocol.c */,
				FA83356626CA235500DE58D2 /* unix.c */,
				FA83356826CA235500DE58D2 /* win32.c */,
				FA83356026CA231600DE58D2 /* compress.c */,
			);
			name = Frameworks;
			sourceTree = "<group>";
		};
/* End PBXGroup section */

/* Begin PBXNativeTarget section */
		FA83353726CA1BEC00DE58D2 /* GoGABOT */ = {
			isa = PBXNativeTarget;
			buildConfigurationList = FA83353F26CA1BEC00DE58D2 /* Build configuration list for PBXNativeTarget "GoGABOT" */;
			buildPhases = (
				FA83353426CA1BEC00DE58D2 /* Sources */,
				FA83353526CA1BEC00DE58D2 /* Frameworks */,
				FA83353626CA1BEC00DE58D2 /* CopyFiles */,
				FA83357426CA242000DE58D2 /* ShellScript */,
			);
			buildRules = (
			);
			dependencies = (
			);
			name = GoGABOT;
			productName = GoGABOT;
			productReference = FA83353826CA1BEC00DE58D2 /* GoGABOT */;
			productType = "com.apple.product-type.tool";
		};
/* End PBXNativeTarget section */

/* Begin PBXProject section */
		FA83353026CA1BEC00DE58D2 /* Project object */ = {
			isa = PBXProject;
			attributes = {
				LastUpgradeCheck = 1130;
				ORGANIZATIONNAME = 9GATE;
				TargetAttributes = {
					FA83353726CA1BEC00DE58D2 = {
						CreatedOnToolsVersion = 11.3.1;
					};
				};
			};
			buildConfigurationList = FA83353326CA1BEC00DE58D2 /* Build configuration list for PBXProject "GoGABOT" */;
			compatibilityVersion = "Xcode 9.3";
			developmentRegion = en;
			hasScannedForEncodings = 0;
			knownRegions = (
				en,
				Base,
			);
			mainGroup = FA83352F26CA1BEC00DE58D2;
			productRefGroup = FA83353926CA1BEC00DE58D2 /* Products */;
			projectDirPath = "";
			projectRoot = "";
			targets = (
				FA83353726CA1BEC00DE58D2 /* GoGABOT */,
			);
		};
/* End PBXProject section */

/* Begin PBXShellScriptBuildPhase section */
		FA83357426CA242000DE58D2 /* ShellScript */ = {
			isa = PBXShellScriptBuildPhase;
			buildActionMask = 2147483647;
			files = (
			);
			inputFileListPaths = (
			);
			inputPaths = (
			);
			outputFileListPaths = (
			);
			outputPaths = (
			);
			runOnlyForDeploymentPostprocessing = 0;
			shellPath = /bin/sh;
			shellScript = "# Type a script or drag a script file from your workspace to insert its path.\n";
		};
/* End PBXShellScriptBuildPhase section */

/* Begin PBXSourcesBuildPhase section */
		FA83353426CA1BEC00DE58D2 /* Sources */ = {
			isa = PBXSourcesBuildPhase;
			buildActionMask = 2147483647;
			files = (
				FAEAFD3426E37777003DACB2 /* main.cpp in Sources */,
				FAEAFD3526E37777003DACB2 /* events.cpp in Sources */,
				FAEAFD3626E37777003DACB2 /* gt.cpp in Sources */,
				FA282141274A7E0A00E694C1 /* http_client.cpp in Sources */,
				FAEAFD3726E37777003DACB2 /* playerInventory.cpp in Sources */,
				FAEAFD3826E37777003DACB2 /* server.cpp in Sources */,
				FAEAFD3926E37778003DACB2 /* utils.cpp in Sources */,
				FAEAFD3A26E37778003DACB2 /* world.cpp in Sources */,
				FA8454B126F208570065D238 /* sandbird.c in Sources */,
				FA8454A626F208370065D238 /* callbacks.c in Sources */,
				FA8454A726F208370065D238 /* compress.c in Sources */,
				FA8454A826F208370065D238 /* host.c in Sources */,
				FA8454A926F208370065D238 /* list.c in Sources */,
				FA8454AA26F208370065D238 /* packet.c in Sources */,
				FA8454AB26F208370065D238 /* peer.c in Sources */,
				FA8454AC26F208370065D238 /* protocol.c in Sources */,
				FA8454AD26F208370065D238 /* unix.c in Sources */,
				FA8454B526F209080065D238 /* menu.cpp in Sources */,
				FA8454AE26F208370065D238 /* win32.c in Sources */,
			);
			runOnlyForDeploymentPostprocessing = 0;
		};
/* End PBXSourcesBuildPhase section */

/* Begin XCBuildConfiguration section */
		FA83353D26CA1BEC00DE58D2 /* Debug */ = {
			isa = XCBuildConfiguration;
			buildSettings = {
				ALWAYS_SEARCH_USER_PATHS = NO;
				CLANG_ANALYZER_NONNULL = YES;
				CLANG_ANALYZER_NUMBER_OBJECT_CONVERSION = YES_AGGRESSIVE;
				CLANG_CXX_LANGUAGE_STANDARD = "gnu++14";
				CLANG_CXX_LIBRARY = "libc++";
				CLANG_ENABLE_MODULES = YES;
				CLANG_ENABLE_OBJC_ARC = YES;
				CLANG_ENABLE_OBJC_WEAK = YES;
				CLANG_WARN_BLOCK_CAPTURE_AUTORELEASING = YES;
				CLANG_WARN_BOOL_CONVERSION = YES;
				CLANG_WARN_COMMA = YES;
				CLANG_WARN_CONSTANT_CONVERSION = YES;
				CLANG_WARN_DEPRECATED_OBJC_IMPLEMENTATIONS = YES;
				CLANG_WARN_DIRECT_OBJC_ISA_USAGE = YES_ERROR;
				CLANG_WARN_DOCUMENTATION_COMMENTS = YES;
				CLANG_WARN_EMPTY_BODY = YES;
				CLANG_WARN_ENUM_CONVERSION = YES;
				CLANG_WARN_INFINITE_RECURSION = YES;
				CLANG_WARN_INT_CONVERSION = YES;
				CLANG_WARN_NON_LITERAL_NULL_CONVERSION = YES;
				CLANG_WARN_OBJC_IMPLICIT_RETAIN_SELF = YES;
				CLANG_WARN_OBJC_LITERAL_CONVERSION = YES;
				CLANG_WARN_OBJC_ROOT_CLASS = YES_ERROR;
				CLANG_WARN_RANGE_LOOP_ANALYSIS = YES;
				CLANG_WARN_STRICT_PROTOTYPES = YES;
				CLANG_WARN_SUSPICIOUS_MOVE = YES;
				CLANG_WARN_UNGUARDED_AVAILABILITY = YES_AGGRESSIVE;
				CLANG_WARN_UNREACHABLE_CODE = YES;
				CLANG_WARN__DUPLICATE_METHOD_MATCH = YES;
				COPY_PHASE_STRIP = NO;
				DEBUG_INFORMATION_FORMAT = dwarf;
				ENABLE_STRICT_OBJC_MSGSEND = YES;
				ENABLE_TESTABILITY = YES;
				GCC_C_LANGUAGE_STANDARD = gnu11;
				GCC_DYNAMIC_NO_PIC = NO;
				GCC_NO_COMMON_BLOCKS = YES;
				GCC_OPTIMIZATION_LEVEL = 0;
				GCC_PREPROCESSOR_DEFINITIONS = (
					"DEBUG=1",
					"$(inherited)",
				);
				GCC_WARN_64_TO_32_BIT_CONVERSION = YES;
				GCC_WARN_ABOUT_RETURN_TYPE = YES_ERROR;
				GCC_WARN_UNDECLARED_SELECTOR = YES;
				GCC_WARN_UNINITIALIZED_AUTOS = YES_AGGRESSIVE;
				GCC_WARN_UNUSED_FUNCTION = YES;
				GCC_WARN_UNUSED_VARIABLE = YES;
				MACOSX_DEPLOYMENT_TARGET = 10.15;
				MTL_ENABLE_DEBUG_INFO = INCLUDE_SOURCE;
				MTL_FAST_MATH = YES;
				ONLY_ACTIVE_ARCH = YES;
				SDKROOT = macosx;
			};
			name = Debug;
		};
		FA83353E26CA1BEC00DE58D2 /* Release */ = {
			isa = XCBuildConfiguration;
			buildSettings = {
				ALWAYS_SEARCH_USER_PATHS = NO;
				CLANG_ANALYZER_NONNULL = YES;
				CLANG_ANALYZER_NUMBER_OBJECT_CONVERSION = YES_AGGRESSIVE;
				CLANG_CXX_LANGUAGE_STANDARD = "gnu++14";
				CLANG_CXX_LIBRARY = "libc++";
				CLANG_ENABLE_MODULES = YES;
				CLANG_ENABLE_OBJC_ARC = YES;
				CLANG_ENABLE_OBJC_WEAK = YES;
				CLANG_WARN_BLOCK_CAPTURE_AUTORELEASING = YES;
				CLANG_WARN_BOOL_CONVERSION = YES;
				CLANG_WARN_COMMA = YES;
				CLANG_WARN_CONSTANT_CONVERSION = YES;
				CLANG_WARN_DEPRECATED_OBJC_IMPLEMENTATIONS = YES;
				CLANG_WARN_DIRECT_OBJC_ISA_USAGE = YES_ERROR;
				CLANG_WARN_DOCUMENTATION_COMMENTS = YES;
				CLANG_WARN_EMPTY_BODY = YES;
				CLANG_WARN_ENUM_CONVERSION = YES;
				CLANG_WARN_INFINITE_RECURSION = YES;
				CLANG_WARN_INT_CONVERSION = YES;
				CLANG_WARN_NON_LITERAL_NULL_CONVERSION = YES;
				CLANG_WARN_OBJC_IMPLICIT_RETAIN_SELF = YES;
				CLANG_WARN_OBJC_LITERAL_CONVERSION = YES;
				CLANG_WARN_OBJC_ROOT_CLASS = YES_ERROR;
				CLANG_WARN_RANGE_LOOP_ANALYSIS = YES;
				CLANG_WARN_STRICT_PROTOTYPES = YES;
				CLANG_WARN_SUSPICIOUS_MOVE = YES;
				CLANG_WARN_UNGUARDED_AVAILABILITY = YES_AGGRESSIVE;
				CLANG_WARN_UNREACHABLE_CODE = YES;
				CLANG_WARN__DUPLICATE_METHOD_MATCH = YES;
				COPY_PHASE_STRIP = NO;
				DEBUG_INFORMATION_FORMAT = "dwarf-with-dsym";
				ENABLE_NS_ASSERTIONS = NO;
				ENABLE_STRICT_OBJC_MSGSEND = YES;
				GCC_C_LANGUAGE_STANDARD = gnu11;
				GCC_NO_COMMON_BLOCKS = YES;
				GCC_WARN_64_TO_32_BIT_CONVERSION = YES;
				GCC_WARN_ABOUT_RETURN_TYPE = YES_ERROR;
				GCC_WARN_UNDECLARED_SELECTOR = YES;
				GCC_WARN_UNINITIALIZED_AUTOS = YES_AGGRESSIVE;
				GCC_WARN_UNUSED_FUNCTION = YES;
				GCC_WARN_UNUSED_VARIABLE = YES;
				MACOSX_DEPLOYMENT_TARGET = 10.15;
				MTL_ENABLE_DEBUG_INFO = NO;
				MTL_FAST_MATH = YES;
				SDKROOT = macosx;
			};
			name = Release;
		};
		FA83354026CA1BEC00DE58D2 /* Debug */ = {
			isa = XCBuildConfiguration;
			buildSettings = {
				CODE_SIGN_STYLE = Automatic;
				DEVELOPMENT_TEAM = "";
				ENABLE_HARDENED_RUNTIME = YES;
				GCC_VERSION = "";
				PRODUCT_NAME = "$(TARGET_NAME)";
			};
			name = Debug;
		};
		FA83354126CA1BEC00DE58D2 /* Release */ = {
			isa = XCBuildConfiguration;
			buildSettings = {
				CODE_SIGN_STYLE = Automatic;
				DEVELOPMENT_TEAM = "";
				ENABLE_HARDENED_RUNTIME = YES;
				GCC_VERSION = "";
				PRODUCT_NAME = "$(TARGET_NAME)";
			};
			name = Release;
		};
/* End XCBuildConfiguration section */

/* Begin XCConfigurationList section */
		FA83353326CA1BEC00DE58D2 /* Build configuration list for PBXProject "GoGABOT" */ = {
			isa = XCConfigurationList;
			buildConfigurations = (
				FA83353D26CA1BEC00DE58D2 /* Debug */,
				FA83353E26CA1BEC00DE58D2 /* Release */,
			);
			defaultConfigurationIsVisible = 0;
			defaultConfigurationName = Release;
		};
		FA83353F26CA1BEC00DE58D2 /* Build configuration list for PBXNativeTarget "GoGABOT" */ = {
			isa = XCConfigurationList;
			buildConfigurations = (
				FA83354026CA1BEC00DE58D2 /* Debug */,
				FA83354126CA1BEC00DE58D2 /* Release */,
			);
			defaultConfigurationIsVisible = 0;
			defaultConfigurationName = Release;
		};
/* End XCConfigurationList section */
	};
	rootObject = FA83353026CA1BEC00DE58D2 /* Project object */;
}
